
Microsoft Visual Studio Solution File, Format Version 12.00
# Visual Studio Version 16
VisualStudioVersion = 16.0.30503.244
MinimumVisualStudioVersion = 10.0.40219.1
Project("{9A19103F-16F7-4668-BE54-9A1E7A4F7556}") = "EpicSauceModJam", "EpicSauceModJam.csproj", "{913E0F94-A1DB-4F78-ABCF-60EE0CF4D96C}"
EndProject
Global
	GlobalSection(SolutionConfigurationPlatforms) = preSolution
		Debug|Any CPU = Debug|Any CPU
		Release|Any CPU = Release|Any CPU
	EndGlobalSection
	GlobalSection(ProjectConfigurationPlatforms) = postSolution
		{913E0F94-A1DB-4F78-ABCF-60EE0CF4D96C}.Debug|Any CPU.ActiveCfg = Debug|Any CPU
		{913E0F94-A1DB-4F78-ABCF-60EE0CF4D96C}.Debug|Any CPU.Build.0 = Debug|Any CPU
		{913E0F94-A1DB-4F78-ABCF-60EE0CF4D96C}.Release|Any CPU.ActiveCfg = Release|Any CPU
		{913E0F94-A1DB-4F78-ABCF-60EE0CF4D96C}.Release|Any CPU.Build.0 = Release|Any CPU
	EndGlobalSection
	GlobalSection(SolutionProperties) = preSolution
		HideSolutionNode = FALSE
	EndGlobalSection
	GlobalSection(ExtensibilityGlobals) = postSolution
		SolutionGuid = {E21A4A15-CA04-48D7-AD69-F99B4F3480A5}
	EndGlobalSection
EndGlobal
